{
    "version": 3,
    "terraform_version": "0.11.11",
    "serial": 18,
    "lineage": "db475d00-4560-d4cd-9679-a0f44bde2682",
    "modules": [
        {
            "path": [
                "root"
            ],
            "outputs": {},
            "resources": {
                "azurerm_key_vault.test": {
                    "type": "azurerm_key_vault",
                    "depends_on": [
                        "azurerm_resource_group.test"
                    ],
                    "primary": {
                        "id": "/subscriptions/a7969e8d-17c9-4056-8e36-892490eb7c3a/resourceGroups/testResourceGroup1/providers/Microsoft.KeyVault/vaults/acctestvault",
                        "attributes": {
                            "access_policy.#": "1",
                            "access_policy.0.application_id": "",
                            "access_policy.0.certificate_permissions.#": "0",
                            "access_policy.0.key_permissions.#": "1",
                            "access_policy.0.key_permissions.0": "get",
                            "access_policy.0.object_id": "a7969e8d-17c9-4056-8e36-892490eb7c3a",
                            "access_policy.0.secret_permissions.#": "1",
                            "access_policy.0.secret_permissions.0": "get",
                            "access_policy.0.tenant_id": "e03e04a0-43f7-43e5-9fdf-bc15f69e7c81",
                            "enabled_for_deployment": "false",
                            "enabled_for_disk_encryption": "true",
                            "enabled_for_template_deployment": "false",
                            "id": "/subscriptions/a7969e8d-17c9-4056-8e36-892490eb7c3a/resourceGroups/testResourceGroup1/providers/Microsoft.KeyVault/vaults/acctestvault",
                            "location": "westus",
                            "name": "acctestvault",
                            "network_acls.#": "1",
                            "network_acls.0.bypass": "AzureServices",
                            "network_acls.0.default_action": "Deny",
                            "network_acls.0.ip_rules.#": "0",
                            "network_acls.0.virtual_network_subnet_ids.#": "0",
                            "resource_group_name": "testResourceGroup1",
                            "sku.#": "1",
                            "sku.0.name": "standard",
                            "tags.%": "1",
                            "tags.environment": "Production",
                            "tenant_id": "e03e04a0-43f7-43e5-9fdf-bc15f69e7c81",
                            "vault_uri": "https://acctestvault.vault.azure.net/"
                        },
                        "meta": {
                            "schema_version": "1"
                        },
                        "tainted": false
                    },
                    "deposed": [],
                    "provider": "provider.azurerm"
                },
                "azurerm_key_vault_access_policy.test": {
                    "type": "azurerm_key_vault_access_policy",
                    "depends_on": [
                        "azurerm_key_vault.test"
                    ],
                    "primary": {
                        "id": "/subscriptions/a7969e8d-17c9-4056-8e36-892490eb7c3a/resourceGroups/testResourceGroup1/providers/Microsoft.KeyVault/vaults/acctestvault/objectId/a7969e8d-17c9-4056-8e36-892490eb7c3a",
                        "attributes": {
                            "id": "/subscriptions/a7969e8d-17c9-4056-8e36-892490eb7c3a/resourceGroups/testResourceGroup1/providers/Microsoft.KeyVault/vaults/acctestvault/objectId/a7969e8d-17c9-4056-8e36-892490eb7c3a",
                            "key_permissions.#": "1",
                            "key_permissions.0": "get",
                            "object_id": "a7969e8d-17c9-4056-8e36-892490eb7c3a",
                            "resource_group_name": "testResourceGroup1",
                            "secret_permissions.#": "1",
                            "secret_permissions.0": "get",
                            "tenant_id": "e03e04a0-43f7-43e5-9fdf-bc15f69e7c81",
                            "vault_name": "acctestvault"
                        },
                        "meta": {},
                        "tainted": false
                    },
                    "deposed": [],
                    "provider": "provider.azurerm"
                },
                "azurerm_network_interface.test": {
                    "type": "azurerm_network_interface",
                    "depends_on": [
                        "azurerm_resource_group.test",
                        "azurerm_subnet.test"
                    ],
                    "primary": {
                        "id": "/subscriptions/a7969e8d-17c9-4056-8e36-892490eb7c3a/resourceGroups/testResourceGroup1/providers/Microsoft.Network/networkInterfaces/acctni",
                        "attributes": {
                            "applied_dns_servers.#": "0",
                            "dns_servers.#": "0",
                            "enable_accelerated_networking": "false",
                            "enable_ip_forwarding": "false",
                            "id": "/subscriptions/a7969e8d-17c9-4056-8e36-892490eb7c3a/resourceGroups/testResourceGroup1/providers/Microsoft.Network/networkInterfaces/acctni",
                            "internal_dns_name_label": "",
                            "internal_fqdn": "",
                            "ip_configuration.#": "1",
                            "ip_configuration.0.application_gateway_backend_address_pools_ids.#": "0",
                            "ip_configuration.0.application_security_group_ids.#": "0",
                            "ip_configuration.0.load_balancer_backend_address_pools_ids.#": "0",
                            "ip_configuration.0.load_balancer_inbound_nat_rules_ids.#": "0",
                            "ip_configuration.0.name": "testconfiguration1",
                            "ip_configuration.0.primary": "true",
                            "ip_configuration.0.private_ip_address": "",
                            "ip_configuration.0.private_ip_address_allocation": "dynamic",
                            "ip_configuration.0.public_ip_address_id": "",
                            "ip_configuration.0.subnet_id": "/subscriptions/a7969e8d-17c9-4056-8e36-892490eb7c3a/resourceGroups/testResourceGroup1/providers/Microsoft.Network/virtualNetworks/acctvn/subnets/acctsub",
                            "location": "westus",
                            "mac_address": "",
                            "name": "acctni",
                            "network_security_group_id": "",
                            "private_ip_address": "10.0.2.4",
                            "private_ip_addresses.#": "1",
                            "private_ip_addresses.0": "10.0.2.4",
                            "resource_group_name": "testResourceGroup1",
                            "tags.%": "0"
                        },
                        "meta": {},
                        "tainted": false
                    },
                    "deposed": [],
                    "provider": "provider.azurerm"
                },
                "azurerm_network_security_group.test": {
                    "type": "azurerm_network_security_group",
                    "depends_on": [
                        "azurerm_resource_group.test"
                    ],
                    "primary": {
                        "id": "/subscriptions/a7969e8d-17c9-4056-8e36-892490eb7c3a/resourceGroups/testResourceGroup1/providers/Microsoft.Network/networkSecurityGroups/accnsg",
                        "attributes": {
                            "id": "/subscriptions/a7969e8d-17c9-4056-8e36-892490eb7c3a/resourceGroups/testResourceGroup1/providers/Microsoft.Network/networkSecurityGroups/accnsg",
                            "location": "westus",
                            "name": "accnsg",
                            "resource_group_name": "testResourceGroup1",
                            "security_rule.#": "1",
                            "security_rule.1936582357.access": "Allow",
                            "security_rule.1936582357.description": "",
                            "security_rule.1936582357.destination_address_prefix": "*",
                            "security_rule.1936582357.destination_address_prefixes.#": "0",
                            "security_rule.1936582357.destination_application_security_group_ids.#": "0",
                            "security_rule.1936582357.destination_port_range": "*",
                            "security_rule.1936582357.destination_port_ranges.#": "0",
                            "security_rule.1936582357.direction": "Inbound",
                            "security_rule.1936582357.name": "test123",
                            "security_rule.1936582357.priority": "100",
                            "security_rule.1936582357.protocol": "Tcp",
                            "security_rule.1936582357.source_address_prefix": "*",
                            "security_rule.1936582357.source_address_prefixes.#": "0",
                            "security_rule.1936582357.source_application_security_group_ids.#": "0",
                            "security_rule.1936582357.source_port_range": "*",
                            "security_rule.1936582357.source_port_ranges.#": "0",
                            "tags.%": "1",
                            "tags.environment": "Production"
                        },
                        "meta": {},
                        "tainted": false
                    },
                    "deposed": [],
                    "provider": "provider.azurerm"
                },
                "azurerm_public_ip.test": {
                    "type": "azurerm_public_ip",
                    "depends_on": [
                        "azurerm_resource_group.test"
                    ],
                    "primary": {
                        "id": "/subscriptions/a7969e8d-17c9-4056-8e36-892490eb7c3a/resourceGroups/testResourceGroup1/providers/Microsoft.Network/publicIPAddresses/accePublicIp1",
                        "attributes": {
                            "id": "/subscriptions/a7969e8d-17c9-4056-8e36-892490eb7c3a/resourceGroups/testResourceGroup1/providers/Microsoft.Network/publicIPAddresses/accePublicIp1",
                            "idle_timeout_in_minutes": "4",
                            "ip_address": "40.78.20.23",
                            "ip_version": "IPv4",
                            "location": "westus",
                            "name": "accePublicIp1",
                            "public_ip_address_allocation": "Static",
                            "resource_group_name": "testResourceGroup1",
                            "sku": "Basic",
                            "tags.%": "1",
                            "tags.environment": "Production",
                            "zones.#": "0"
                        },
                        "meta": {},
                        "tainted": false
                    },
                    "deposed": [],
                    "provider": "provider.azurerm"
                },
                "azurerm_recovery_services_vault.test": {
                    "type": "azurerm_recovery_services_vault",
                    "depends_on": [
                        "azurerm_resource_group.test"
                    ],
                    "primary": {
                        "id": "/subscriptions/a7969e8d-17c9-4056-8e36-892490eb7c3a/resourceGroups/testResourceGroup1/providers/Microsoft.RecoveryServices/vaults/accrecoveryvault",
                        "attributes": {
                            "id": "/subscriptions/a7969e8d-17c9-4056-8e36-892490eb7c3a/resourceGroups/testResourceGroup1/providers/Microsoft.RecoveryServices/vaults/accrecoveryvault",
                            "location": "westus",
                            "name": "accrecoveryvault",
                            "resource_group_name": "testResourceGroup1",
                            "sku": "standard",
                            "tags.%": "0"
                        },
                        "meta": {},
                        "tainted": false
                    },
                    "deposed": [],
                    "provider": "provider.azurerm"
                },
                "azurerm_resource_group.test": {
                    "type": "azurerm_resource_group",
                    "depends_on": [],
                    "primary": {
                        "id": "/subscriptions/a7969e8d-17c9-4056-8e36-892490eb7c3a/resourceGroups/testResourceGroup1",
                        "attributes": {
                            "id": "/subscriptions/a7969e8d-17c9-4056-8e36-892490eb7c3a/resourceGroups/testResourceGroup1",
                            "location": "westus",
                            "name": "testResourceGroup1",
                            "tags.%": "1",
                            "tags.environment": "Production"
                        },
                        "meta": {},
                        "tainted": false
                    },
                    "deposed": [],
                    "provider": "provider.azurerm"
                },
                "azurerm_sql_database.test": {
                    "type": "azurerm_sql_database",
                    "depends_on": [
                        "azurerm_resource_group.test",
                        "azurerm_sql_server.test"
                    ],
                    "primary": {
                        "id": "/subscriptions/a7969e8d-17c9-4056-8e36-892490eb7c3a/resourceGroups/testResourceGroup1/providers/Microsoft.Sql/servers/accsql-server/databases/staging",
                        "attributes": {
                            "collation": "SQL_Latin1_General_CP1_CI_AS",
                            "create_mode": "Default",
                            "creation_date": "2018-12-28T09:07:15.953Z",
                            "default_secondary_location": "East US",
                            "edition": "Standard",
                            "elastic_pool_name": "",
                            "encryption": "",
                            "id": "/subscriptions/a7969e8d-17c9-4056-8e36-892490eb7c3a/resourceGroups/testResourceGroup1/providers/Microsoft.Sql/servers/accsql-server/databases/staging",
                            "location": "westus",
                            "max_size_bytes": "268435456000",
                            "name": "staging",
                            "requested_service_objective_id": "f1173c43-91bd-4aaa-973c-54e79e15235b",
                            "requested_service_objective_name": "S0",
                            "resource_group_name": "testResourceGroup1",
                            "server_name": "accsql-server",
                            "tags.%": "3",
                            "tags.createdby": "jagadeesh",
                            "tags.department": "jag",
                            "tags.environment": "production",
                            "threat_detection_policy.#": "1",
                            "threat_detection_policy.0.disabled_alerts.#": "0",
                            "threat_detection_policy.0.email_account_admins": "Disabled",
                            "threat_detection_policy.0.email_addresses.#": "0",
                            "threat_detection_policy.0.retention_days": "0",
                            "threat_detection_policy.0.state": "Disabled",
                            "threat_detection_policy.0.storage_account_access_key": "",
                            "threat_detection_policy.0.storage_endpoint": "",
                            "threat_detection_policy.0.use_server_default": "Disabled"
                        },
                        "meta": {},
                        "tainted": false
                    },
                    "deposed": [],
                    "provider": "provider.azurerm"
                },
                "azurerm_sql_elasticpool.test": {
                    "type": "azurerm_sql_elasticpool",
                    "depends_on": [
                        "azurerm_resource_group.test",
                        "azurerm_sql_server.test"
                    ],
                    "primary": {
                        "id": "/subscriptions/a7969e8d-17c9-4056-8e36-892490eb7c3a/resourceGroups/testResourceGroup1/providers/Microsoft.Sql/servers/accsql-server/elasticPools/test",
                        "attributes": {
                            "creation_date": "2018-12-28T09:06:36Z",
                            "db_dtu_max": "5",
                            "db_dtu_min": "0",
                            "dtu": "50",
                            "edition": "Basic",
                            "id": "/subscriptions/a7969e8d-17c9-4056-8e36-892490eb7c3a/resourceGroups/testResourceGroup1/providers/Microsoft.Sql/servers/accsql-server/elasticPools/test",
                            "location": "westus",
                            "name": "test",
                            "pool_size": "5000",
                            "resource_group_name": "testResourceGroup1",
                            "server_name": "accsql-server",
                            "tags.%": "0"
                        },
                        "meta": {},
                        "tainted": false
                    },
                    "deposed": [],
                    "provider": "provider.azurerm"
                },
                "azurerm_sql_server.test": {
                    "type": "azurerm_sql_server",
                    "depends_on": [
                        "azurerm_resource_group.test"
                    ],
                    "primary": {
                        "id": "/subscriptions/a7969e8d-17c9-4056-8e36-892490eb7c3a/resourceGroups/testResourceGroup1/providers/Microsoft.Sql/servers/accsql-server",
                        "attributes": {
                            "administrator_login": "4dm1n157r470r",
                            "administrator_login_password": "4-v3ry-53cr37-p455w0rd",
                            "fully_qualified_domain_name": "accsql-server.database.windows.net",
                            "id": "/subscriptions/a7969e8d-17c9-4056-8e36-892490eb7c3a/resourceGroups/testResourceGroup1/providers/Microsoft.Sql/servers/accsql-server",
                            "location": "westus",
                            "name": "accsql-server",
                            "resource_group_name": "testResourceGroup1",
                            "tags.%": "0",
                            "version": "12.0"
                        },
                        "meta": {},
                        "tainted": false
                    },
                    "deposed": [],
                    "provider": "provider.azurerm"
                },
                "azurerm_storage_account.test": {
                    "type": "azurerm_storage_account",
                    "depends_on": [
                        "azurerm_resource_group.test"
                    ],
                    "primary": {
                        "id": "/subscriptions/a7969e8d-17c9-4056-8e36-892490eb7c3a/resourceGroups/testResourceGroup1/providers/Microsoft.Storage/storageAccounts/accsa1234",
                        "attributes": {
                            "access_tier": "",
                            "account_encryption_source": "Microsoft.Storage",
                            "account_kind": "Storage",
                            "account_replication_type": "LRS",
                            "account_tier": "Standard",
                            "account_type": "Standard_LRS",
                            "enable_blob_encryption": "true",
                            "enable_file_encryption": "true",
                            "enable_https_traffic_only": "false",
                            "id": "/subscriptions/a7969e8d-17c9-4056-8e36-892490eb7c3a/resourceGroups/testResourceGroup1/providers/Microsoft.Storage/storageAccounts/accsa1234",
                            "identity.#": "0",
                            "location": "westus",
                            "name": "accsa1234",
                            "network_rules.#": "0",
                            "primary_access_key": "1zOPWokGMiIT6jvWvv+J4CEFHT6ZyhOIElqH/Njkx3wKhzU1WOfMfUpRo2c1VLOG4fPncs94VALiC08QSfRrXg==",
                            "primary_blob_connection_string": "DefaultEndpointsProtocol=https;BlobEndpoint=https://accsa1234.blob.core.windows.net/;AccountName=accsa1234;AccountKey=1zOPWokGMiIT6jvWvv+J4CEFHT6ZyhOIElqH/Njkx3wKhzU1WOfMfUpRo2c1VLOG4fPncs94VALiC08QSfRrXg==",
                            "primary_blob_endpoint": "https://accsa1234.blob.core.windows.net/",
                            "primary_connection_string": "DefaultEndpointsProtocol=https;AccountName=accsa1234;AccountKey=1zOPWokGMiIT6jvWvv+J4CEFHT6ZyhOIElqH/Njkx3wKhzU1WOfMfUpRo2c1VLOG4fPncs94VALiC08QSfRrXg==;EndpointSuffix=core.windows.net",
                            "primary_file_endpoint": "https://accsa1234.file.core.windows.net/",
                            "primary_location": "westus",
                            "primary_queue_endpoint": "https://accsa1234.queue.core.windows.net/",
                            "primary_table_endpoint": "https://accsa1234.table.core.windows.net/",
                            "resource_group_name": "testResourceGroup1",
                            "secondary_access_key": "AclZQ3kTLX8FlESYU679VgK5NE8/5w40ruWU95VmcgAddT7zsxRd6rbSGz9ZSZozERrjvTR+mtPllMTLGN1u/w==",
                            "secondary_connection_string": "DefaultEndpointsProtocol=https;AccountName=accsa1234;AccountKey=AclZQ3kTLX8FlESYU679VgK5NE8/5w40ruWU95VmcgAddT7zsxRd6rbSGz9ZSZozERrjvTR+mtPllMTLGN1u/w==;EndpointSuffix=core.windows.net",
                            "secondary_location": "",
                            "tags.%": "1",
                            "tags.environment": "staging"
                        },
                        "meta": {
                            "schema_version": "2"
                        },
                        "tainted": false
                    },
                    "deposed": [],
                    "provider": "provider.azurerm"
                },
                "azurerm_storage_container.test": {
                    "type": "azurerm_storage_container",
                    "depends_on": [
                        "azurerm_resource_group.test",
                        "azurerm_storage_account.test"
                    ],
                    "primary": {
                        "id": "https://accsa1234.blob.core.windows.net/vhds",
                        "attributes": {
                            "container_access_type": "private",
                            "id": "https://accsa1234.blob.core.windows.net/vhds",
                            "name": "vhds",
                            "properties.%": "4",
                            "properties.last_modified": "Fri, 28 Dec 2018 09:06:19 GMT",
                            "properties.lease_duration": "",
                            "properties.lease_state": "available",
                            "properties.lease_status": "unlocked",
                            "resource_group_name": "testResourceGroup1",
                            "storage_account_name": "accsa1234"
                        },
                        "meta": {
                            "schema_version": "1"
                        },
                        "tainted": false
                    },
                    "deposed": [],
                    "provider": "provider.azurerm"
                },
                "azurerm_subnet.test": {
                    "type": "azurerm_subnet",
                    "depends_on": [
                        "azurerm_resource_group.test",
                        "azurerm_virtual_network.test"
                    ],
                    "primary": {
                        "id": "/subscriptions/a7969e8d-17c9-4056-8e36-892490eb7c3a/resourceGroups/testResourceGroup1/providers/Microsoft.Network/virtualNetworks/acctvn/subnets/acctsub",
                        "attributes": {
                            "address_prefix": "10.0.2.0/24",
                            "id": "/subscriptions/a7969e8d-17c9-4056-8e36-892490eb7c3a/resourceGroups/testResourceGroup1/providers/Microsoft.Network/virtualNetworks/acctvn/subnets/acctsub",
                            "ip_configurations.#": "0",
                            "name": "acctsub",
                            "resource_group_name": "testResourceGroup1",
                            "route_table_id": "",
                            "service_endpoints.#": "0",
                            "virtual_network_name": "acctvn"
                        },
                        "meta": {},
                        "tainted": false
                    },
                    "deposed": [],
                    "provider": "provider.azurerm"
                },
                "azurerm_subnet_network_security_group_association.test": {
                    "type": "azurerm_subnet_network_security_group_association",
                    "depends_on": [
                        "azurerm_network_security_group.test",
                        "azurerm_subnet.test"
                    ],
                    "primary": {
                        "id": "/subscriptions/a7969e8d-17c9-4056-8e36-892490eb7c3a/resourceGroups/testResourceGroup1/providers/Microsoft.Network/virtualNetworks/acctvn/subnets/acctsub",
                        "attributes": {
                            "id": "/subscriptions/a7969e8d-17c9-4056-8e36-892490eb7c3a/resourceGroups/testResourceGroup1/providers/Microsoft.Network/virtualNetworks/acctvn/subnets/acctsub",
                            "network_security_group_id": "/subscriptions/a7969e8d-17c9-4056-8e36-892490eb7c3a/resourceGroups/testResourceGroup1/providers/Microsoft.Network/networkSecurityGroups/accnsg",
                            "subnet_id": "/subscriptions/a7969e8d-17c9-4056-8e36-892490eb7c3a/resourceGroups/testResourceGroup1/providers/Microsoft.Network/virtualNetworks/acctvn/subnets/acctsub"
                        },
                        "meta": {},
                        "tainted": false
                    },
                    "deposed": [],
                    "provider": "provider.azurerm"
                },
                "azurerm_virtual_machine.test": {
                    "type": "azurerm_virtual_machine",
                    "depends_on": [
                        "azurerm_network_interface.test",
                        "azurerm_resource_group.test",
                        "azurerm_storage_account.test",
                        "azurerm_storage_container.test"
                    ],
                    "primary": {
                        "id": "/subscriptions/a7969e8d-17c9-4056-8e36-892490eb7c3a/resourceGroups/testResourceGroup1/providers/Microsoft.Compute/virtualMachines/acctvm",
                        "attributes": {
                            "delete_data_disks_on_termination": "false",
                            "delete_os_disk_on_termination": "false",
                            "id": "/subscriptions/a7969e8d-17c9-4056-8e36-892490eb7c3a/resourceGroups/testResourceGroup1/providers/Microsoft.Compute/virtualMachines/acctvm",
                            "identity.#": "0",
                            "location": "westus",
                            "name": "acctvm",
                            "network_interface_ids.#": "1",
                            "network_interface_ids.0": "/subscriptions/a7969e8d-17c9-4056-8e36-892490eb7c3a/resourceGroups/testResourceGroup1/providers/Microsoft.Network/networkInterfaces/acctni",
                            "os_profile.#": "1",
                            "os_profile.1173764063.admin_password": "",
                            "os_profile.1173764063.admin_username": "testadmin",
                            "os_profile.1173764063.computer_name": "hostname",
                            "os_profile.1173764063.custom_data": "",
                            "os_profile_linux_config.#": "1",
                            "os_profile_linux_config.2972667452.disable_password_authentication": "false",
                            "os_profile_linux_config.2972667452.ssh_keys.#": "0",
                            "os_profile_secrets.#": "0",
                            "os_profile_windows_config.#": "0",
                            "plan.#": "0",
                            "resource_group_name": "testResourceGroup1",
                            "storage_data_disk.#": "0",
                            "storage_image_reference.#": "1",
                            "storage_image_reference.1458860473.id": "",
                            "storage_image_reference.1458860473.offer": "UbuntuServer",
                            "storage_image_reference.1458860473.publisher": "Canonical",
                            "storage_image_reference.1458860473.sku": "16.04-LTS",
                            "storage_image_reference.1458860473.version": "latest",
                            "storage_os_disk.#": "1",
                            "storage_os_disk.0.caching": "ReadWrite",
                            "storage_os_disk.0.create_option": "FromImage",
                            "storage_os_disk.0.disk_size_gb": "30",
                            "storage_os_disk.0.image_uri": "",
                            "storage_os_disk.0.managed_disk_id": "",
                            "storage_os_disk.0.managed_disk_type": "",
                            "storage_os_disk.0.name": "myosdisk1",
                            "storage_os_disk.0.os_type": "Linux",
                            "storage_os_disk.0.vhd_uri": "https://accsa1234.blob.core.windows.net/vhds/myosdisk1.vhd",
                            "storage_os_disk.0.write_accelerator_enabled": "false",
                            "tags.%": "1",
                            "tags.environment": "staging",
                            "vm_size": "Standard_F2",
                            "zones.#": "0"
                        },
                        "meta": {},
                        "tainted": false
                    },
                    "deposed": [],
                    "provider": "provider.azurerm"
                },
                "azurerm_virtual_machine_extension.test": {
                    "type": "azurerm_virtual_machine_extension",
                    "depends_on": [
                        "azurerm_resource_group.test",
                        "azurerm_virtual_machine.test"
                    ],
                    "primary": {
                        "id": "/subscriptions/a7969e8d-17c9-4056-8e36-892490eb7c3a/resourceGroups/testResourceGroup1/providers/Microsoft.Compute/virtualMachines/acctvm/extensions/hostname",
                        "attributes": {
                            "auto_upgrade_minor_version": "false",
                            "id": "/subscriptions/a7969e8d-17c9-4056-8e36-892490eb7c3a/resourceGroups/testResourceGroup1/providers/Microsoft.Compute/virtualMachines/acctvm/extensions/hostname",
                            "location": "westus",
                            "name": "hostname",
                            "publisher": "Microsoft.Azure.Extensions",
                            "resource_group_name": "testResourceGroup1",
                            "settings": "{\"commandToExecute\":\"hostname \\u0026\\u0026 uptime\"}",
                            "tags.%": "1",
                            "tags.environment": "Production",
                            "type": "CustomScript",
                            "type_handler_version": "2.0",
                            "virtual_machine_name": "acctvm"
                        },
                        "meta": {},
                        "tainted": false
                    },
                    "deposed": [],
                    "provider": "provider.azurerm"
                },
                "azurerm_virtual_network.test": {
                    "type": "azurerm_virtual_network",
                    "depends_on": [
                        "azurerm_resource_group.test"
                    ],
                    "primary": {
                        "id": "/subscriptions/a7969e8d-17c9-4056-8e36-892490eb7c3a/resourceGroups/testResourceGroup1/providers/Microsoft.Network/virtualNetworks/acctvn",
                        "attributes": {
                            "address_space.#": "1",
                            "address_space.0": "10.0.0.0/16",
                            "dns_servers.#": "0",
                            "id": "/subscriptions/a7969e8d-17c9-4056-8e36-892490eb7c3a/resourceGroups/testResourceGroup1/providers/Microsoft.Network/virtualNetworks/acctvn",
                            "location": "westus",
                            "name": "acctvn",
                            "resource_group_name": "testResourceGroup1",
                            "subnet.#": "0",
                            "tags.%": "0"
                        },
                        "meta": {},
                        "tainted": false
                    },
                    "deposed": [],
                    "provider": "provider.azurerm"
                }
            },
            "depends_on": []
        }
    ]
}
